
Microsoft Visual Studio Solution File, Format Version 12.00
# Visual Studio Version 16
VisualStudioVersion = 16.0.29409.12
MinimumVisualStudioVersion = 10.0.40219.1
Project("{FAE04EC0-301F-11D3-BF4B-00C04F79EFBC}") = "MathLab4", "MathLab4\MathLab4.csproj", "{6DA3865F-C0DF-4ED0-AA6F-ACED6434D9C1}"
EndProject
Global
	GlobalSection(SolutionConfigurationPlatforms) = preSolution
		Debug|Any CPU = Debug|Any CPU
		Release|Any CPU = Release|Any CPU
	EndGlobalSection
	GlobalSection(ProjectConfigurationPlatforms) = postSolution
		{6DA3865F-C0DF-4ED0-AA6F-ACED6434D9C1}.Debug|Any CPU.ActiveCfg = Debug|Any CPU
		{6DA3865F-C0DF-4ED0-AA6F-ACED6434D9C1}.Debug|Any CPU.Build.0 = Debug|Any CPU
		{6DA3865F-C0DF-4ED0-AA6F-ACED6434D9C1}.Release|Any CPU.ActiveCfg = Release|Any CPU
		{6DA3865F-C0DF-4ED0-AA6F-ACED6434D9C1}.Release|Any CPU.Build.0 = Release|Any CPU
	EndGlobalSection
	GlobalSection(SolutionProperties) = preSolution
		HideSolutionNode = FALSE
	EndGlobalSection
	GlobalSection(ExtensibilityGlobals) = postSolution
		SolutionGuid = {DE7FAA92-1730-422C-84F7-6A33C21332CA}
	EndGlobalSection
EndGlobal
